<Solution>
  <Project Path="01_015_SortedDictionary/01_15_SortedDictionary.csproj" Id="2fc13dcb-3097-4631-83d4-915401af1d3e" />
  <Project Path="01_02_Byte/01_01_Byte.csproj" Id="ad810622-da07-4cde-acd7-3cface235e17" />
  <Project Path="01_03_Struct/01_02_Struct.csproj" Id="5163edd4-f6e4-4a9e-90ac-e29e47db649e" />
  <Project Path="01_03_Struct2/01_03_Struct2.csproj" Id="c91d170f-d133-4209-ac97-f06a70c97ed4" />
  <Project Path="01_04_Class/01_04_Class.csproj" Id="8819afdd-43ce-4113-b823-e70825ec9c21" />
  <Project Path="01_05_Arrays/01_05_Arrays.csproj" Id="b0fbd104-a959-4d2f-b981-2426fb9edd4e" />
  <Project Path="01_06_Hashtable/01_06_Hashtable.csproj" Id="184056e9-a9f7-477d-8e04-703a47f6b842" />
  <Project Path="01_07_Hashtable2/01_07_Hashtable2.csproj" Id="1f32d1c5-0729-40e9-80c1-cb076167f957" />
  <Project Path="01_08_SortedList/01_08_SortedList.csproj" Id="07b0b1a0-47a4-4d8b-afca-1476cc719e4c" />
  <Project Path="01_09_SortedList2/01_09_SortedList2.csproj" Id="60627aad-fa10-48ce-9b8d-a87c5f8e8fd6" />
  <Project Path="01_10_List/01_10_List.csproj" Id="f9b50da5-df41-4d38-ae4b-b7f985d309ec" />
  <Project Path="01_11_Stack/01_11_Stack.csproj" Id="499baa09-dc64-4d09-861a-6a881c111e8e" />
  <Project Path="01_12_Queue/01_12_Queue.csproj" Id="ab93a731-12e0-424b-95c1-792b0ea39051" />
  <Project Path="01_13_LinkedList/01_13_LinkedList.csproj" Id="5e54e863-572e-41ef-81f7-9a0f6b912938" />
  <Project Path="01_14_Dictionary/01_14_Dictionary.csproj" Id="f1bf7692-c256-4a71-b375-7ced4cc26fc6" />
  <Project Path="01_16_SortedList/01_16_SortedSet.csproj" Id="340fd24f-b6ec-47d6-bcb7-c9a2dcc78a89" />
  <Project Path="01_17_HashSet/01_17_HashSet.csproj" Id="5f01bfb8-9be0-48ca-9f83-2755acbda60c" />
</Solution>
